
Microsoft Visual Studio Solution File, Format Version 12.00
Project("{FAE04EC0-301F-11D3-BF4B-00C04F79EFBC}") = "DemoMinimalApi", "DemoMinimalApi.csproj", "{03B76D6A-6CF6-4C9B-A6F8-0611701AB81E}"
EndProject
Global
	GlobalSection(SolutionConfigurationPlatforms) = preSolution
		Debug|Any CPU = Debug|Any CPU
		Release|Any CPU = Release|Any CPU
	EndGlobalSection
	GlobalSection(ProjectConfigurationPlatforms) = postSolution
		{03B76D6A-6CF6-4C9B-A6F8-0611701AB81E}.Debug|Any CPU.ActiveCfg = Debug|Any CPU
		{03B76D6A-6CF6-4C9B-A6F8-0611701AB81E}.Debug|Any CPU.Build.0 = Debug|Any CPU
		{03B76D6A-6CF6-4C9B-A6F8-0611701AB81E}.Release|Any CPU.ActiveCfg = Release|Any CPU
		{03B76D6A-6CF6-4C9B-A6F8-0611701AB81E}.Release|Any CPU.Build.0 = Release|Any CPU
	EndGlobalSection
EndGlobal
